
Microsoft Visual Studio Solution File, Format Version 12.00
# Visual Studio Version 17
VisualStudioVersion = 17.6.33815.320
MinimumVisualStudioVersion = 10.0.40219.1
Project("{FAE04EC0-301F-11D3-BF4B-00C04F79EFBC}") = "FormsApp1", "FormsApp1\FormsApp1.csproj", "{404DD3B3-6B4F-4937-8432-35DB21C3AEEC}"
EndProject
Project("{FAE04EC0-301F-11D3-BF4B-00C04F79EFBC}") = "pertama 2", "pertama 2\pertama 2.csproj", "{1E61B3E9-DA52-4F56-AD11-27B48F7D8C03}"
EndProject
Project("{FAE04EC0-301F-11D3-BF4B-00C04F79EFBC}") = "form2", "form2\form2.csproj", "{B577C6B8-D61A-4F37-9164-2FC532746201}"
EndProject
Global
	GlobalSection(SolutionConfigurationPlatforms) = preSolution
		Debug|Any CPU = Debug|Any CPU
		Release|Any CPU = Release|Any CPU
	EndGlobalSection
	GlobalSection(ProjectConfigurationPlatforms) = postSolution
		{404DD3B3-6B4F-4937-8432-35DB21C3AEEC}.Debug|Any CPU.ActiveCfg = Debug|Any CPU
		{404DD3B3-6B4F-4937-8432-35DB21C3AEEC}.Debug|Any CPU.Build.0 = Debug|Any CPU
		{404DD3B3-6B4F-4937-8432-35DB21C3AEEC}.Release|Any CPU.ActiveCfg = Release|Any CPU
		{404DD3B3-6B4F-4937-8432-35DB21C3AEEC}.Release|Any CPU.Build.0 = Release|Any CPU
		{1E61B3E9-DA52-4F56-AD11-27B48F7D8C03}.Debug|Any CPU.ActiveCfg = Debug|Any CPU
		{1E61B3E9-DA52-4F56-AD11-27B48F7D8C03}.Debug|Any CPU.Build.0 = Debug|Any CPU
		{1E61B3E9-DA52-4F56-AD11-27B48F7D8C03}.Release|Any CPU.ActiveCfg = Release|Any CPU
		{1E61B3E9-DA52-4F56-AD11-27B48F7D8C03}.Release|Any CPU.Build.0 = Release|Any CPU
		{B577C6B8-D61A-4F37-9164-2FC532746201}.Debug|Any CPU.ActiveCfg = Debug|Any CPU
		{B577C6B8-D61A-4F37-9164-2FC532746201}.Debug|Any CPU.Build.0 = Debug|Any CPU
		{B577C6B8-D61A-4F37-9164-2FC532746201}.Release|Any CPU.ActiveCfg = Release|Any CPU
		{B577C6B8-D61A-4F37-9164-2FC532746201}.Release|Any CPU.Build.0 = Release|Any CPU
	EndGlobalSection
	GlobalSection(SolutionProperties) = preSolution
		HideSolutionNode = FALSE
	EndGlobalSection
	GlobalSection(ExtensibilityGlobals) = postSolution
		SolutionGuid = {38681FFF-1044-4A38-9295-7CCAD9B01ED7}
	EndGlobalSection
EndGlobal
